
Microsoft Visual Studio Solution File, Format Version 12.00
Project("{FAE04EC0-301F-11D3-BF4B-00C04F79EFBC}") = "BasicBackend2.Net8", "BasicBackend2.Net8.csproj", "{B07AB761-4183-4E8F-B981-37804660F277}"
EndProject
Global
	GlobalSection(SolutionConfigurationPlatforms) = preSolution
		Debug|Any CPU = Debug|Any CPU
		Release|Any CPU = Release|Any CPU
	EndGlobalSection
	GlobalSection(ProjectConfigurationPlatforms) = postSolution
		{B07AB761-4183-4E8F-B981-37804660F277}.Debug|Any CPU.ActiveCfg = Debug|Any CPU
		{B07AB761-4183-4E8F-B981-37804660F277}.Debug|Any CPU.Build.0 = Debug|Any CPU
		{B07AB761-4183-4E8F-B981-37804660F277}.Release|Any CPU.ActiveCfg = Release|Any CPU
		{B07AB761-4183-4E8F-B981-37804660F277}.Release|Any CPU.Build.0 = Release|Any CPU
	EndGlobalSection
EndGlobal
